
Microsoft Visual Studio Solution File, Format Version 12.00
# Visual Studio Version 17
VisualStudioVersion = 17.3.32901.215
MinimumVisualStudioVersion = 10.0.40219.1
Project("{2150E333-8FDC-42A3-9474-1A3956D46DE8}") = "UI", "UI", "{3B9D145C-5B99-4209-9183-2F6B2E1700AD}"
EndProject
Project("{9A19103F-16F7-4668-BE54-9A1E7A4F7556}") = "SciMaterials.UI.MVC", "UI\SciMaterials.UI.MVC\SciMaterials.UI.MVC.csproj", "{36D45824-FB3C-4B0A-AE2D-DBCA61F36819}"
EndProject
Project("{FAE04EC0-301F-11D3-BF4B-00C04F79EFBC}") = "SciMaterials.UI.BWASM", "UI\SciMaterials.UI.BWASM\SciMaterials.UI.BWASM.csproj", "{CDE7082F-9DA7-464F-8135-A0FD9C6FFC8F}"
EndProject
Global
	GlobalSection(SolutionConfigurationPlatforms) = preSolution
		Debug|Any CPU = Debug|Any CPU
		Release|Any CPU = Release|Any CPU
	EndGlobalSection
	GlobalSection(ProjectConfigurationPlatforms) = postSolution
		{36D45824-FB3C-4B0A-AE2D-DBCA61F36819}.Debug|Any CPU.ActiveCfg = Debug|Any CPU
		{36D45824-FB3C-4B0A-AE2D-DBCA61F36819}.Debug|Any CPU.Build.0 = Debug|Any CPU
		{36D45824-FB3C-4B0A-AE2D-DBCA61F36819}.Release|Any CPU.ActiveCfg = Release|Any CPU
		{36D45824-FB3C-4B0A-AE2D-DBCA61F36819}.Release|Any CPU.Build.0 = Release|Any CPU
		{CDE7082F-9DA7-464F-8135-A0FD9C6FFC8F}.Debug|Any CPU.ActiveCfg = Debug|Any CPU
		{CDE7082F-9DA7-464F-8135-A0FD9C6FFC8F}.Debug|Any CPU.Build.0 = Debug|Any CPU
		{CDE7082F-9DA7-464F-8135-A0FD9C6FFC8F}.Release|Any CPU.ActiveCfg = Release|Any CPU
		{CDE7082F-9DA7-464F-8135-A0FD9C6FFC8F}.Release|Any CPU.Build.0 = Release|Any CPU
	EndGlobalSection
	GlobalSection(SolutionProperties) = preSolution
		HideSolutionNode = FALSE
	EndGlobalSection
	GlobalSection(NestedProjects) = preSolution
		{36D45824-FB3C-4B0A-AE2D-DBCA61F36819} = {3B9D145C-5B99-4209-9183-2F6B2E1700AD}
		{CDE7082F-9DA7-464F-8135-A0FD9C6FFC8F} = {3B9D145C-5B99-4209-9183-2F6B2E1700AD}
	EndGlobalSection
	GlobalSection(ExtensibilityGlobals) = postSolution
		SolutionGuid = {F2A2A316-0109-4831-BE6F-BE4250B08027}
	EndGlobalSection
EndGlobal
